
Microsoft Visual Studio Solution File, Format Version 12.00
# Visual Studio Version 17
VisualStudioVersion = 17.11.35327.3
MinimumVisualStudioVersion = 10.0.40219.1
Project("{FAE04EC0-301F-11D3-BF4B-00C04F79EFBC}") = "2. 4 Lesson.Api", "2. 4 Lesson.Api\2. 4 Lesson.Api.csproj", "{AC773771-454E-4968-A1EE-94636F373D31}"
EndProject
Global
	GlobalSection(SolutionConfigurationPlatforms) = preSolution
		Debug|Any CPU = Debug|Any CPU
		Release|Any CPU = Release|Any CPU
	EndGlobalSection
	GlobalSection(ProjectConfigurationPlatforms) = postSolution
		{AC773771-454E-4968-A1EE-94636F373D31}.Debug|Any CPU.ActiveCfg = Debug|Any CPU
		{AC773771-454E-4968-A1EE-94636F373D31}.Debug|Any CPU.Build.0 = Debug|Any CPU
		{AC773771-454E-4968-A1EE-94636F373D31}.Release|Any CPU.ActiveCfg = Release|Any CPU
		{AC773771-454E-4968-A1EE-94636F373D31}.Release|Any CPU.Build.0 = Release|Any CPU
	EndGlobalSection
	GlobalSection(SolutionProperties) = preSolution
		HideSolutionNode = FALSE
	EndGlobalSection
	GlobalSection(ExtensibilityGlobals) = postSolution
		SolutionGuid = {8358EB09-2C1C-4AA3-80DE-315AD79E3372}
	EndGlobalSection
EndGlobal
