
Microsoft Visual Studio Solution File, Format Version 12.00
# Visual Studio Version 17
VisualStudioVersion = 17.12.35527.113 d17.12
MinimumVisualStudioVersion = 10.0.40219.1
Project("{FAE04EC0-301F-11D3-BF4B-00C04F79EFBC}") = "MusicProject.Server", "MusicProject.Server\MusicProject.Server.csproj", "{5A35B987-B5EF-44D7-BB92-08995ACCFF13}"
EndProject
Project("{FAE04EC0-301F-11D3-BF4B-00C04F79EFBC}") = "Music.Service", "Music.Service\Music.Service.csproj", "{684EBD35-6173-412A-87BE-467DD5E8116E}"
EndProject
Project("{FAE04EC0-301F-11D3-BF4B-00C04F79EFBC}") = "Music.Repository", "Music.Repository\Music.Repository.csproj", "{F83752BF-5766-4731-8948-A2169D956CE5}"
EndProject
Project("{FAE04EC0-301F-11D3-BF4B-00C04F79EFBC}") = "Music.DataAccess", "Music.DataAccess\Music.DataAccess.csproj", "{777CC964-308F-4B2A-AF08-A2C30C8F9A0D}"
EndProject
Global
	GlobalSection(SolutionConfigurationPlatforms) = preSolution
		Debug|Any CPU = Debug|Any CPU
		Release|Any CPU = Release|Any CPU
	EndGlobalSection
	GlobalSection(ProjectConfigurationPlatforms) = postSolution
		{5A35B987-B5EF-44D7-BB92-08995ACCFF13}.Debug|Any CPU.ActiveCfg = Debug|Any CPU
		{5A35B987-B5EF-44D7-BB92-08995ACCFF13}.Debug|Any CPU.Build.0 = Debug|Any CPU
		{5A35B987-B5EF-44D7-BB92-08995ACCFF13}.Release|Any CPU.ActiveCfg = Release|Any CPU
		{5A35B987-B5EF-44D7-BB92-08995ACCFF13}.Release|Any CPU.Build.0 = Release|Any CPU
		{684EBD35-6173-412A-87BE-467DD5E8116E}.Debug|Any CPU.ActiveCfg = Debug|Any CPU
		{684EBD35-6173-412A-87BE-467DD5E8116E}.Debug|Any CPU.Build.0 = Debug|Any CPU
		{684EBD35-6173-412A-87BE-467DD5E8116E}.Release|Any CPU.ActiveCfg = Release|Any CPU
		{684EBD35-6173-412A-87BE-467DD5E8116E}.Release|Any CPU.Build.0 = Release|Any CPU
		{F83752BF-5766-4731-8948-A2169D956CE5}.Debug|Any CPU.ActiveCfg = Debug|Any CPU
		{F83752BF-5766-4731-8948-A2169D956CE5}.Debug|Any CPU.Build.0 = Debug|Any CPU
		{F83752BF-5766-4731-8948-A2169D956CE5}.Release|Any CPU.ActiveCfg = Release|Any CPU
		{F83752BF-5766-4731-8948-A2169D956CE5}.Release|Any CPU.Build.0 = Release|Any CPU
		{777CC964-308F-4B2A-AF08-A2C30C8F9A0D}.Debug|Any CPU.ActiveCfg = Debug|Any CPU
		{777CC964-308F-4B2A-AF08-A2C30C8F9A0D}.Debug|Any CPU.Build.0 = Debug|Any CPU
		{777CC964-308F-4B2A-AF08-A2C30C8F9A0D}.Release|Any CPU.ActiveCfg = Release|Any CPU
		{777CC964-308F-4B2A-AF08-A2C30C8F9A0D}.Release|Any CPU.Build.0 = Release|Any CPU
	EndGlobalSection
	GlobalSection(SolutionProperties) = preSolution
		HideSolutionNode = FALSE
	EndGlobalSection
EndGlobal
